
Microsoft Visual Studio Solution File, Format Version 12.00
# Visual Studio 15
VisualStudioVersion = 15.0.28307.960
MinimumVisualStudioVersion = 10.0.40219.1
Project("{FAE04EC0-301F-11D3-BF4B-00C04F79EFBC}") = "fitnessMVC", "fitnessMVC\fitnessMVC.csproj", "{28A5DD13-6C49-49F5-A032-FB54EDDAC597}"
EndProject
Global
	GlobalSection(SolutionConfigurationPlatforms) = preSolution
		Debug|Any CPU = Debug|Any CPU
		Release|Any CPU = Release|Any CPU
	EndGlobalSection
	GlobalSection(ProjectConfigurationPlatforms) = postSolution
		{28A5DD13-6C49-49F5-A032-FB54EDDAC597}.Debug|Any CPU.ActiveCfg = Debug|Any CPU
		{28A5DD13-6C49-49F5-A032-FB54EDDAC597}.Debug|Any CPU.Build.0 = Debug|Any CPU
		{28A5DD13-6C49-49F5-A032-FB54EDDAC597}.Release|Any CPU.ActiveCfg = Release|Any CPU
		{28A5DD13-6C49-49F5-A032-FB54EDDAC597}.Release|Any CPU.Build.0 = Release|Any CPU
	EndGlobalSection
	GlobalSection(SolutionProperties) = preSolution
		HideSolutionNode = FALSE
	EndGlobalSection
	GlobalSection(ExtensibilityGlobals) = postSolution
		SolutionGuid = {EF6C764D-2FDD-4F91-805D-E23A0C84B3AB}
	EndGlobalSection
EndGlobal
